// !$*UTF8*$!
{
	archiveVersion = 1;
	classes = {
	};
	objectVersion = 46;
	objects = {

/* Begin PBXBuildFile section */
		1D3623260D0F684500981E51 /* Pulp_DossierAppDelegate.m in Sources */ = {isa = PBXBuildFile; fileRef = 1D3623250D0F684500981E51 /* Pulp_DossierAppDelegate.m */; };
		1D60589B0D05DD56006BFB54 /* main.m in Sources */ = {isa = PBXBuildFile; fileRef = 29B97316FDCFA39411CA2CEA /* main.m */; };
		1D60589F0D05DD5A006BFB54 /* Foundation.framework in Frameworks */ = {isa = PBXBuildFile; fileRef = 1D30AB110D05D00D00671497 /* Foundation.framework */; };
		1DF5F4E00D08C38300B7A737 /* UIKit.framework in Frameworks */ = {isa = PBXBuildFile; fileRef = 1DF5F4DF0D08C38300B7A737 /* UIKit.framework */; };
		2318671313A6A10E00E1B519 /* ResourceController.xib in Resources */ = {isa = PBXBuildFile; fileRef = 2318671213A6A10E00E1B519 /* ResourceController.xib */; };
		2318671913A6A74E00E1B519 /* ResourceController.m in Sources */ = {isa = PBXBuildFile; fileRef = 2318671813A6A74E00E1B519 /* ResourceController.m */; };
		23522D2913A4016C00C310B5 /* TrackViewController.xib in Resources */ = {isa = PBXBuildFile; fileRef = 23522D2813A4016C00C310B5 /* TrackViewController.xib */; };
		23522D5513A565B300C310B5 /* CAttributeInteger.m in Sources */ = {isa = PBXBuildFile; fileRef = 23522D5313A565B300C310B5 /* CAttributeInteger.m */; };
		23522D7A13A56C7B00C310B5 /* IntegerCell.m in Sources */ = {isa = PBXBuildFile; fileRef = 23522D7913A56C7B00C310B5 /* IntegerCell.m */; };
		2360647913A26DCF008B5EBC /* CAttributeTrack.m in Sources */ = {isa = PBXBuildFile; fileRef = 2360647813A26DCF008B5EBC /* CAttributeTrack.m */; };
		236064B113A2A79B008B5EBC /* TrackViewController.m in Sources */ = {isa = PBXBuildFile; fileRef = 236064AF13A2A79B008B5EBC /* TrackViewController.m */; };
		2382387313A0579300867254 /* CAttributeLadder.m in Sources */ = {isa = PBXBuildFile; fileRef = 2382387213A0579300867254 /* CAttributeLadder.m */; };
		239442F313942B8500F8F9D3 /* CharacterController.xib in Resources */ = {isa = PBXBuildFile; fileRef = 239442F113942B8500F8F9D3 /* CharacterController.xib */; };
		2394437F1394940D00F8F9D3 /* Icon.png in Resources */ = {isa = PBXBuildFile; fileRef = 2394437E1394940D00F8F9D3 /* Icon.png */; };
		23A83B561395C6DC000325AE /* minus.gif in Resources */ = {isa = PBXBuildFile; fileRef = 23A83B531395C6DC000325AE /* minus.gif */; };
		23A83B571395C6DC000325AE /* plus.gif in Resources */ = {isa = PBXBuildFile; fileRef = 23A83B541395C6DC000325AE /* plus.gif */; };
		23A83B581395C6DC000325AE /* zero.gif in Resources */ = {isa = PBXBuildFile; fileRef = 23A83B551395C6DC000325AE /* zero.gif */; };
		23A83B5A1395C738000325AE /* DiceController.xib in Resources */ = {isa = PBXBuildFile; fileRef = 23A83B591395C738000325AE /* DiceController.xib */; };
		23A83B5D1395C761000325AE /* DiceController.m in Sources */ = {isa = PBXBuildFile; fileRef = 23A83B5C1395C761000325AE /* DiceController.m */; };
		23A83B731395C7DD000325AE /* Security.framework in Frameworks */ = {isa = PBXBuildFile; fileRef = 23A83B721395C7DD000325AE /* Security.framework */; };
		23B5B7931396D75F00E6D850 /* SotC.plist in Resources */ = {isa = PBXBuildFile; fileRef = 23B5B7921396D75F00E6D850 /* SotC.plist */; };
		23B5B7981396D9F400E6D850 /* Sourcebook.m in Sources */ = {isa = PBXBuildFile; fileRef = 23B5B7971396D9F400E6D850 /* Sourcebook.m */; };
		23B5B7B513974D7300E6D850 /* ResourcePicker.m in Sources */ = {isa = PBXBuildFile; fileRef = 23B5B7B313974D7300E6D850 /* ResourcePicker.m */; };
		23B5B7BC13974E0600E6D850 /* ResourcePicker.xib in Resources */ = {isa = PBXBuildFile; fileRef = 23B5B7BB13974E0600E6D850 /* ResourcePicker.xib */; };
		23D022AA139C764C006BDA7A /* CAttribute.m in Sources */ = {isa = PBXBuildFile; fileRef = 23D022A9139C764C006BDA7A /* CAttribute.m */; };
		23D022B2139D79F2006BDA7A /* CAttributeString.m in Sources */ = {isa = PBXBuildFile; fileRef = 23D022B1139D79F2006BDA7A /* CAttributeString.m */; };
		23D022B7139D7CCC006BDA7A /* CAttributeText.m in Sources */ = {isa = PBXBuildFile; fileRef = 23D022B6139D7CCC006BDA7A /* CAttributeText.m */; };
		23D022C1139D8F51006BDA7A /* CAttributeContainer.m in Sources */ = {isa = PBXBuildFile; fileRef = 23D022C0139D8F51006BDA7A /* CAttributeContainer.m */; };
		23D022EC139DA5D3006BDA7A /* CAttributeImage.m in Sources */ = {isa = PBXBuildFile; fileRef = 23D022EA139DA5D3006BDA7A /* CAttributeImage.m */; };
		23D02309139E78DB006BDA7A /* Character.m in Sources */ = {isa = PBXBuildFile; fileRef = 23D02308139E78DB006BDA7A /* Character.m */; };
		23D0230F139E86B4006BDA7A /* CharacterEditorController.m in Sources */ = {isa = PBXBuildFile; fileRef = 23D0230D139E86B4006BDA7A /* CharacterEditorController.m */; };
		23D02325139E8713006BDA7A /* CharacterEditorController.xib in Resources */ = {isa = PBXBuildFile; fileRef = 23D02324139E8713006BDA7A /* CharacterEditorController.xib */; };
		23D0245A139F14F0006BDA7A /* EditableCell.m in Sources */ = {isa = PBXBuildFile; fileRef = 23D02458139F14F0006BDA7A /* EditableCell.m */; };
		23D024B2139F23AB006BDA7A /* ImageCell.m in Sources */ = {isa = PBXBuildFile; fileRef = 23D024B1139F23AB006BDA7A /* ImageCell.m */; };
		23D024B7139F2592006BDA7A /* CAttributeCell.m in Sources */ = {isa = PBXBuildFile; fileRef = 23D024B6139F2592006BDA7A /* CAttributeCell.m */; };
		23D0258513A02513006BDA7A /* PickAnImageController.m in Sources */ = {isa = PBXBuildFile; fileRef = 23D0258413A02513006BDA7A /* PickAnImageController.m */; };
		2892E4100DC94CBA00A64D0F /* CoreGraphics.framework in Frameworks */ = {isa = PBXBuildFile; fileRef = 2892E40F0DC94CBA00A64D0F /* CoreGraphics.framework */; };
		28AD73600D9D9599002E5188 /* MainWindow.xib in Resources */ = {isa = PBXBuildFile; fileRef = 28AD735F0D9D9599002E5188 /* MainWindow.xib */; };
		28C286E10D94DF7D0034E888 /* RootViewController.m in Sources */ = {isa = PBXBuildFile; fileRef = 28C286E00D94DF7D0034E888 /* RootViewController.m */; };
		28F335F11007B36200424DE2 /* RootViewController.xib in Resources */ = {isa = PBXBuildFile; fileRef = 28F335F01007B36200424DE2 /* RootViewController.xib */; };
/* End PBXBuildFile section */

/* Begin PBXFileReference section */
		1D30AB110D05D00D00671497 /* Foundation.framework */ = {isa = PBXFileReference; lastKnownFileType = wrapper.framework; name = Foundation.framework; path = System/Library/Frameworks/Foundation.framework; sourceTree = SDKROOT; };
		1D3623240D0F684500981E51 /* Pulp_DossierAppDelegate.h */ = {isa = PBXFileReference; fileEncoding = 4; lastKnownFileType = sourcecode.c.h; path = Pulp_DossierAppDelegate.h; sourceTree = "<group>"; };
		1D3623250D0F684500981E51 /* Pulp_DossierAppDelegate.m */ = {isa = PBXFileReference; fileEncoding = 4; lastKnownFileType = sourcecode.c.objc; path = Pulp_DossierAppDelegate.m; sourceTree = "<group>"; };
		1D6058910D05DD3D006BFB54 /* Pulp Dossier.app */ = {isa = PBXFileReference; explicitFileType = wrapper.application; includeInIndex = 0; path = "Pulp Dossier.app"; sourceTree = BUILT_PRODUCTS_DIR; };
		1DF5F4DF0D08C38300B7A737 /* UIKit.framework */ = {isa = PBXFileReference; lastKnownFileType = wrapper.framework; name = UIKit.framework; path = System/Library/Frameworks/UIKit.framework; sourceTree = SDKROOT; };
		2318671213A6A10E00E1B519 /* ResourceController.xib */ = {isa = PBXFileReference; lastKnownFileType = file.xib; path = ResourceController.xib; sourceTree = "<group>"; };
		2318671713A6A74E00E1B519 /* ResourceController.h */ = {isa = PBXFileReference; fileEncoding = 4; lastKnownFileType = sourcecode.c.h; path = ResourceController.h; sourceTree = "<group>"; };
		2318671813A6A74E00E1B519 /* ResourceController.m */ = {isa = PBXFileReference; fileEncoding = 4; lastKnownFileType = sourcecode.c.objc; path = ResourceController.m; sourceTree = "<group>"; };
		23522D2813A4016C00C310B5 /* TrackViewController.xib */ = {isa = PBXFileReference; lastKnownFileType = file.xib; path = TrackViewController.xib; sourceTree = "<group>"; };
		23522D5313A565B300C310B5 /* CAttributeInteger.m */ = {isa = PBXFileReference; fileEncoding = 4; lastKnownFileType = sourcecode.c.objc; name = CAttributeInteger.m; path = CharacterModel/CAttributeInteger.m; sourceTree = "<group>"; };
		23522D5413A565B300C310B5 /* CAttributeInteger.h */ = {isa = PBXFileReference; fileEncoding = 4; lastKnownFileType = sourcecode.c.h; name = CAttributeInteger.h; path = CharacterModel/CAttributeInteger.h; sourceTree = "<group>"; };
		23522D7813A56C7B00C310B5 /* IntegerCell.h */ = {isa = PBXFileReference; fileEncoding = 4; lastKnownFileType = sourcecode.c.h; name = IntegerCell.h; path = Views/IntegerCell.h; sourceTree = "<group>"; };
		23522D7913A56C7B00C310B5 /* IntegerCell.m */ = {isa = PBXFileReference; fileEncoding = 4; lastKnownFileType = sourcecode.c.objc; name = IntegerCell.m; path = Views/IntegerCell.m; sourceTree = "<group>"; };
		2360647713A26DCF008B5EBC /* CAttributeTrack.h */ = {isa = PBXFileReference; fileEncoding = 4; lastKnownFileType = sourcecode.c.h; name = CAttributeTrack.h; path = CharacterModel/CAttributeTrack.h; sourceTree = "<group>"; };
		2360647813A26DCF008B5EBC /* CAttributeTrack.m */ = {isa = PBXFileReference; fileEncoding = 4; lastKnownFileType = sourcecode.c.objc; name = CAttributeTrack.m; path = CharacterModel/CAttributeTrack.m; sourceTree = "<group>"; };
		236064AD13A2A79B008B5EBC /* TrackViewController.h */ = {isa = PBXFileReference; fileEncoding = 4; lastKnownFileType = sourcecode.c.h; path = TrackViewController.h; sourceTree = "<group>"; };
		236064AF13A2A79B008B5EBC /* TrackViewController.m */ = {isa = PBXFileReference; fileEncoding = 4; lastKnownFileType = sourcecode.c.objc; path = TrackViewController.m; sourceTree = "<group>"; };
		2382387113A0579300867254 /* CAttributeLadder.h */ = {isa = PBXFileReference; fileEncoding = 4; lastKnownFileType = sourcecode.c.h; path = CAttributeLadder.h; sourceTree = "<group>"; };
		2382387213A0579300867254 /* CAttributeLadder.m */ = {isa = PBXFileReference; fileEncoding = 4; lastKnownFileType = sourcecode.c.objc; path = CAttributeLadder.m; sourceTree = "<group>"; };
		239442F113942B8500F8F9D3 /* CharacterController.xib */ = {isa = PBXFileReference; lastKnownFileType = file.xib; path = CharacterController.xib; sourceTree = "<group>"; };
		2394437E1394940D00F8F9D3 /* Icon.png */ = {isa = PBXFileReference; lastKnownFileType = image.png; path = Icon.png; sourceTree = "<group>"; };
		23A83B531395C6DC000325AE /* minus.gif */ = {isa = PBXFileReference; lastKnownFileType = image.gif; path = minus.gif; sourceTree = "<group>"; };
		23A83B541395C6DC000325AE /* plus.gif */ = {isa = PBXFileReference; lastKnownFileType = image.gif; path = plus.gif; sourceTree = "<group>"; };
		23A83B551395C6DC000325AE /* zero.gif */ = {isa = PBXFileReference; lastKnownFileType = image.gif; path = zero.gif; sourceTree = "<group>"; };
		23A83B591395C738000325AE /* DiceController.xib */ = {isa = PBXFileReference; lastKnownFileType = file.xib; path = DiceController.xib; sourceTree = "<group>"; };
		23A83B5B1395C761000325AE /* DiceController.h */ = {isa = PBXFileReference; fileEncoding = 4; lastKnownFileType = sourcecode.c.h; path = DiceController.h; sourceTree = "<group>"; };
		23A83B5C1395C761000325AE /* DiceController.m */ = {isa = PBXFileReference; fileEncoding = 4; lastKnownFileType = sourcecode.c.objc; path = DiceController.m; sourceTree = "<group>"; };
		23A83B721395C7DD000325AE /* Security.framework */ = {isa = PBXFileReference; lastKnownFileType = wrapper.framework; name = Security.framework; path = System/Library/Frameworks/Security.framework; sourceTree = SDKROOT; };
		23B5B7921396D75F00E6D850 /* SotC.plist */ = {isa = PBXFileReference; fileEncoding = 4; lastKnownFileType = text.plist.xml; path = SotC.plist; sourceTree = "<group>"; };
		23B5B7961396D9F400E6D850 /* Sourcebook.h */ = {isa = PBXFileReference; fileEncoding = 4; lastKnownFileType = sourcecode.c.h; path = Sourcebook.h; sourceTree = "<group>"; };
		23B5B7971396D9F400E6D850 /* Sourcebook.m */ = {isa = PBXFileReference; fileEncoding = 4; lastKnownFileType = sourcecode.c.objc; path = Sourcebook.m; sourceTree = "<group>"; };
		23B5B7B213974D7300E6D850 /* ResourcePicker.h */ = {isa = PBXFileReference; fileEncoding = 4; lastKnownFileType = sourcecode.c.h; path = ResourcePicker.h; sourceTree = "<group>"; };
		23B5B7B313974D7300E6D850 /* ResourcePicker.m */ = {isa = PBXFileReference; fileEncoding = 4; lastKnownFileType = sourcecode.c.objc; path = ResourcePicker.m; sourceTree = "<group>"; };
		23B5B7BB13974E0600E6D850 /* ResourcePicker.xib */ = {isa = PBXFileReference; lastKnownFileType = file.xib; path = ResourcePicker.xib; sourceTree = "<group>"; };
		23D022A8139C764C006BDA7A /* CAttribute.h */ = {isa = PBXFileReference; fileEncoding = 4; lastKnownFileType = sourcecode.c.h; name = CAttribute.h; path = CharacterModel/CAttribute.h; sourceTree = "<group>"; };
		23D022A9139C764C006BDA7A /* CAttribute.m */ = {isa = PBXFileReference; fileEncoding = 4; lastKnownFileType = sourcecode.c.objc; name = CAttribute.m; path = CharacterModel/CAttribute.m; sourceTree = "<group>"; };
		23D022B0139D79F2006BDA7A /* CAttributeString.h */ = {isa = PBXFileReference; fileEncoding = 4; lastKnownFileType = sourcecode.c.h; name = CAttributeString.h; path = CharacterModel/CAttributeString.h; sourceTree = "<group>"; };
		23D022B1139D79F2006BDA7A /* CAttributeString.m */ = {isa = PBXFileReference; fileEncoding = 4; lastKnownFileType = sourcecode.c.objc; name = CAttributeString.m; path = CharacterModel/CAttributeString.m; sourceTree = "<group>"; };
		23D022B5139D7CCC006BDA7A /* CAttributeText.h */ = {isa = PBXFileReference; fileEncoding = 4; lastKnownFileType = sourcecode.c.h; name = CAttributeText.h; path = CharacterModel/CAttributeText.h; sourceTree = "<group>"; };
		23D022B6139D7CCC006BDA7A /* CAttributeText.m */ = {isa = PBXFileReference; fileEncoding = 4; lastKnownFileType = sourcecode.c.objc; name = CAttributeText.m; path = CharacterModel/CAttributeText.m; sourceTree = "<group>"; };
		23D022BF139D8F51006BDA7A /* CAttributeContainer.h */ = {isa = PBXFileReference; fileEncoding = 4; lastKnownFileType = sourcecode.c.h; name = CAttributeContainer.h; path = CharacterModel/CAttributeContainer.h; sourceTree = "<group>"; };
		23D022C0139D8F51006BDA7A /* CAttributeContainer.m */ = {isa = PBXFileReference; fileEncoding = 4; lastKnownFileType = sourcecode.c.objc; name = CAttributeContainer.m; path = CharacterModel/CAttributeContainer.m; sourceTree = "<group>"; };
		23D022EA139DA5D3006BDA7A /* CAttributeImage.m */ = {isa = PBXFileReference; fileEncoding = 4; lastKnownFileType = sourcecode.c.objc; name = CAttributeImage.m; path = CharacterModel/CAttributeImage.m; sourceTree = "<group>"; };
		23D022EB139DA5D3006BDA7A /* CAttributeImage.h */ = {isa = PBXFileReference; fileEncoding = 4; lastKnownFileType = sourcecode.c.h; name = CAttributeImage.h; path = CharacterModel/CAttributeImage.h; sourceTree = "<group>"; };
		23D02307139E78DB006BDA7A /* Character.h */ = {isa = PBXFileReference; fileEncoding = 4; lastKnownFileType = sourcecode.c.h; name = Character.h; path = CharacterModel/Character.h; sourceTree = "<group>"; };
		23D02308139E78DB006BDA7A /* Character.m */ = {isa = PBXFileReference; fileEncoding = 4; lastKnownFileType = sourcecode.c.objc; name = Character.m; path = CharacterModel/Character.m; sourceTree = "<group>"; };
		23D0230C139E86B4006BDA7A /* CharacterEditorController.h */ = {isa = PBXFileReference; fileEncoding = 4; lastKnownFileType = sourcecode.c.h; path = CharacterEditorController.h; sourceTree = "<group>"; };
		23D0230D139E86B4006BDA7A /* CharacterEditorController.m */ = {isa = PBXFileReference; fileEncoding = 4; lastKnownFileType = sourcecode.c.objc; path = CharacterEditorController.m; sourceTree = "<group>"; };
		23D02324139E8713006BDA7A /* CharacterEditorController.xib */ = {isa = PBXFileReference; lastKnownFileType = file.xib; path = CharacterEditorController.xib; sourceTree = "<group>"; };
		23D02458139F14F0006BDA7A /* EditableCell.m */ = {isa = PBXFileReference; fileEncoding = 4; lastKnownFileType = sourcecode.c.objc; name = EditableCell.m; path = Views/EditableCell.m; sourceTree = "<group>"; };
		23D02459139F14F0006BDA7A /* EditableCell.h */ = {isa = PBXFileReference; fileEncoding = 4; lastKnownFileType = sourcecode.c.h; name = EditableCell.h; path = Views/EditableCell.h; sourceTree = "<group>"; };
		23D024B0139F23AB006BDA7A /* ImageCell.h */ = {isa = PBXFileReference; fileEncoding = 4; lastKnownFileType = sourcecode.c.h; name = ImageCell.h; path = Views/ImageCell.h; sourceTree = "<group>"; };
		23D024B1139F23AB006BDA7A /* ImageCell.m */ = {isa = PBXFileReference; fileEncoding = 4; lastKnownFileType = sourcecode.c.objc; name = ImageCell.m; path = Views/ImageCell.m; sourceTree = "<group>"; };
		23D024B5139F2592006BDA7A /* CAttributeCell.h */ = {isa = PBXFileReference; fileEncoding = 4; lastKnownFileType = sourcecode.c.h; name = CAttributeCell.h; path = Views/CAttributeCell.h; sourceTree = "<group>"; };
		23D024B6139F2592006BDA7A /* CAttributeCell.m */ = {isa = PBXFileReference; fileEncoding = 4; lastKnownFileType = sourcecode.c.objc; name = CAttributeCell.m; path = Views/CAttributeCell.m; sourceTree = "<group>"; };
		23D0258313A02513006BDA7A /* PickAnImageController.h */ = {isa = PBXFileReference; fileEncoding = 4; lastKnownFileType = sourcecode.c.h; path = PickAnImageController.h; sourceTree = "<group>"; };
		23D0258413A02513006BDA7A /* PickAnImageController.m */ = {isa = PBXFileReference; fileEncoding = 4; lastKnownFileType = sourcecode.c.objc; path = PickAnImageController.m; sourceTree = "<group>"; };
		2892E40F0DC94CBA00A64D0F /* CoreGraphics.framework */ = {isa = PBXFileReference; lastKnownFileType = wrapper.framework; name = CoreGraphics.framework; path = System/Library/Frameworks/CoreGraphics.framework; sourceTree = SDKROOT; };
		28A0AAE50D9B0CCF005BE974 /* Pulp_Dossier_Prefix.pch */ = {isa = PBXFileReference; fileEncoding = 4; lastKnownFileType = sourcecode.c.h; path = Pulp_Dossier_Prefix.pch; sourceTree = "<group>"; };
		28AD735F0D9D9599002E5188 /* MainWindow.xib */ = {isa = PBXFileReference; lastKnownFileType = file.xib; path = MainWindow.xib; sourceTree = "<group>"; };
		28C286DF0D94DF7D0034E888 /* RootViewController.h */ = {isa = PBXFileReference; fileEncoding = 4; lastKnownFileType = sourcecode.c.h; path = RootViewController.h; sourceTree = "<group>"; };
		28C286E00D94DF7D0034E888 /* RootViewController.m */ = {isa = PBXFileReference; fileEncoding = 4; lastKnownFileType = sourcecode.c.objc; path = RootViewController.m; sourceTree = "<group>"; };
		28F335F01007B36200424DE2 /* RootViewController.xib */ = {isa = PBXFileReference; lastKnownFileType = file.xib; path = RootViewController.xib; sourceTree = "<group>"; };
		29B97316FDCFA39411CA2CEA /* main.m */ = {isa = PBXFileReference; fileEncoding = 4; lastKnownFileType = sourcecode.c.objc; path = main.m; sourceTree = "<group>"; };
		8D1107310486CEB800E47090 /* Pulp_Dossier-Info.plist */ = {isa = PBXFileReference; fileEncoding = 4; lastKnownFileType = text.plist.xml; path = "Pulp_Dossier-Info.plist"; plistStructureDefinitionIdentifier = "com.apple.xcode.plist.structure-definition.iphone.info-plist"; sourceTree = "<group>"; };
/* End PBXFileReference section */

/* Begin PBXFrameworksBuildPhase section */
		1D60588F0D05DD3D006BFB54 /* Frameworks */ = {
			isa = PBXFrameworksBuildPhase;
			buildActionMask = 2147483647;
			files = (
				1D60589F0D05DD5A006BFB54 /* Foundation.framework in Frameworks */,
				1DF5F4E00D08C38300B7A737 /* UIKit.framework in Frameworks */,
				2892E4100DC94CBA00A64D0F /* CoreGraphics.framework in Frameworks */,
				23A83B731395C7DD000325AE /* Security.framework in Frameworks */,
			);
			runOnlyForDeploymentPostprocessing = 0;
		};
/* End PBXFrameworksBuildPhase section */

/* Begin PBXGroup section */
		080E96DDFE201D6D7F000001 /* Classes */ = {
			isa = PBXGroup;
			children = (
				23D022AC139C7655006BDA7A /* CharacterModel */,
				235B8269139B2F7900146FA0 /* Views */,
				23D0230C139E86B4006BDA7A /* CharacterEditorController.h */,
				23D0230D139E86B4006BDA7A /* CharacterEditorController.m */,
				23A83B5B1395C761000325AE /* DiceController.h */,
				23A83B5C1395C761000325AE /* DiceController.m */,
				23D0258313A02513006BDA7A /* PickAnImageController.h */,
				23D0258413A02513006BDA7A /* PickAnImageController.m */,
				1D3623240D0F684500981E51 /* Pulp_DossierAppDelegate.h */,
				1D3623250D0F684500981E51 /* Pulp_DossierAppDelegate.m */,
				2318671713A6A74E00E1B519 /* ResourceController.h */,
				2318671813A6A74E00E1B519 /* ResourceController.m */,
				23B5B7B213974D7300E6D850 /* ResourcePicker.h */,
				23B5B7B313974D7300E6D850 /* ResourcePicker.m */,
				28C286DF0D94DF7D0034E888 /* RootViewController.h */,
				28C286E00D94DF7D0034E888 /* RootViewController.m */,
				23B5B7961396D9F400E6D850 /* Sourcebook.h */,
				23B5B7971396D9F400E6D850 /* Sourcebook.m */,
				236064AD13A2A79B008B5EBC /* TrackViewController.h */,
				236064AF13A2A79B008B5EBC /* TrackViewController.m */,
			);
			path = Classes;
			sourceTree = "<group>";
		};
		19C28FACFE9D520D11CA2CBB /* Products */ = {
			isa = PBXGroup;
			children = (
				1D6058910D05DD3D006BFB54 /* Pulp Dossier.app */,
			);
			name = Products;
			sourceTree = "<group>";
		};
		235B8269139B2F7900146FA0 /* Views */ = {
			isa = PBXGroup;
			children = (
				23D024B5139F2592006BDA7A /* CAttributeCell.h */,
				23D024B6139F2592006BDA7A /* CAttributeCell.m */,
				23D02459139F14F0006BDA7A /* EditableCell.h */,
				23D02458139F14F0006BDA7A /* EditableCell.m */,
				23D024B0139F23AB006BDA7A /* ImageCell.h */,
				23D024B1139F23AB006BDA7A /* ImageCell.m */,
				23522D7813A56C7B00C310B5 /* IntegerCell.h */,
				23522D7913A56C7B00C310B5 /* IntegerCell.m */,
			);
			name = Views;
			sourceTree = "<group>";
		};
		23D022AC139C7655006BDA7A /* CharacterModel */ = {
			isa = PBXGroup;
			children = (
				23D022A8139C764C006BDA7A /* CAttribute.h */,
				23D022A9139C764C006BDA7A /* CAttribute.m */,
				23D022BF139D8F51006BDA7A /* CAttributeContainer.h */,
				23D022C0139D8F51006BDA7A /* CAttributeContainer.m */,
				23D022EB139DA5D3006BDA7A /* CAttributeImage.h */,
				23D022EA139DA5D3006BDA7A /* CAttributeImage.m */,
				23522D5413A565B300C310B5 /* CAttributeInteger.h */,
				23522D5313A565B300C310B5 /* CAttributeInteger.m */,
				2382387113A0579300867254 /* CAttributeLadder.h */,
				2382387213A0579300867254 /* CAttributeLadder.m */,
				23D022B0139D79F2006BDA7A /* CAttributeString.h */,
				23D022B1139D79F2006BDA7A /* CAttributeString.m */,
				23D022B5139D7CCC006BDA7A /* CAttributeText.h */,
				23D022B6139D7CCC006BDA7A /* CAttributeText.m */,
				2360647713A26DCF008B5EBC /* CAttributeTrack.h */,
				2360647813A26DCF008B5EBC /* CAttributeTrack.m */,
				23D02307139E78DB006BDA7A /* Character.h */,
				23D02308139E78DB006BDA7A /* Character.m */,
			);
			name = CharacterModel;
			sourceTree = "<group>";
		};
		29B97314FDCFA39411CA2CEA /* CustomTemplate */ = {
			isa = PBXGroup;
			children = (
				080E96DDFE201D6D7F000001 /* Classes */,
				29B97315FDCFA39411CA2CEA /* Other Sources */,
				29B97317FDCFA39411CA2CEA /* Resources */,
				29B97323FDCFA39411CA2CEA /* Frameworks */,
				19C28FACFE9D520D11CA2CBB /* Products */,
			);
			name = CustomTemplate;
			sourceTree = "<group>";
		};
		29B97315FDCFA39411CA2CEA /* Other Sources */ = {
			isa = PBXGroup;
			children = (
				28A0AAE50D9B0CCF005BE974 /* Pulp_Dossier_Prefix.pch */,
				29B97316FDCFA39411CA2CEA /* main.m */,
			);
			name = "Other Sources";
			sourceTree = "<group>";
		};
		29B97317FDCFA39411CA2CEA /* Resources */ = {
			isa = PBXGroup;
			children = (
				23B5B7921396D75F00E6D850 /* SotC.plist */,
				23A83B591395C738000325AE /* DiceController.xib */,
				23A83B531395C6DC000325AE /* minus.gif */,
				23A83B541395C6DC000325AE /* plus.gif */,
				23A83B551395C6DC000325AE /* zero.gif */,
				2394437E1394940D00F8F9D3 /* Icon.png */,
				28F335F01007B36200424DE2 /* RootViewController.xib */,
				23D02324139E8713006BDA7A /* CharacterEditorController.xib */,
				239442F113942B8500F8F9D3 /* CharacterController.xib */,
				2318671213A6A10E00E1B519 /* ResourceController.xib */,
				23B5B7BB13974E0600E6D850 /* ResourcePicker.xib */,
				23522D2813A4016C00C310B5 /* TrackViewController.xib */,
				28AD735F0D9D9599002E5188 /* MainWindow.xib */,
				8D1107310486CEB800E47090 /* Pulp_Dossier-Info.plist */,
			);
			name = Resources;
			sourceTree = "<group>";
		};
		29B97323FDCFA39411CA2CEA /* Frameworks */ = {
			isa = PBXGroup;
			children = (
				1DF5F4DF0D08C38300B7A737 /* UIKit.framework */,
				1D30AB110D05D00D00671497 /* Foundation.framework */,
				2892E40F0DC94CBA00A64D0F /* CoreGraphics.framework */,
				23A83B721395C7DD000325AE /* Security.framework */,
			);
			name = Frameworks;
			sourceTree = "<group>";
		};
/* End PBXGroup section */

/* Begin PBXNativeTarget section */
		1D6058900D05DD3D006BFB54 /* Pulp Dossier */ = {
			isa = PBXNativeTarget;
			buildConfigurationList = 1D6058960D05DD3E006BFB54 /* Build configuration list for PBXNativeTarget "Pulp Dossier" */;
			buildPhases = (
				1D60588D0D05DD3D006BFB54 /* Resources */,
				1D60588E0D05DD3D006BFB54 /* Sources */,
				1D60588F0D05DD3D006BFB54 /* Frameworks */,
			);
			buildRules = (
			);
			dependencies = (
			);
			name = "Pulp Dossier";
			productName = "Pulp Dossier";
			productReference = 1D6058910D05DD3D006BFB54 /* Pulp Dossier.app */;
			productType = "com.apple.product-type.application";
		};
/* End PBXNativeTarget section */

/* Begin PBXProject section */
		29B97313FDCFA39411CA2CEA /* Project object */ = {
			isa = PBXProject;
			attributes = {
				ORGANIZATIONNAME = "CJ Holmes";
			};
			buildConfigurationList = C01FCF4E08A954540054247B /* Build configuration list for PBXProject "Pulp Dossier" */;
			compatibilityVersion = "Xcode 3.2";
			developmentRegion = English;
			hasScannedForEncodings = 1;
			knownRegions = (
				English,
				Japanese,
				French,
				German,
				en,
			);
			mainGroup = 29B97314FDCFA39411CA2CEA /* CustomTemplate */;
			projectDirPath = "";
			projectRoot = "";
			targets = (
				1D6058900D05DD3D006BFB54 /* Pulp Dossier */,
			);
		};
/* End PBXProject section */

/* Begin PBXResourcesBuildPhase section */
		1D60588D0D05DD3D006BFB54 /* Resources */ = {
			isa = PBXResourcesBuildPhase;
			buildActionMask = 2147483647;
			files = (
				28AD73600D9D9599002E5188 /* MainWindow.xib in Resources */,
				28F335F11007B36200424DE2 /* RootViewController.xib in Resources */,
				239442F313942B8500F8F9D3 /* CharacterController.xib in Resources */,
				2394437F1394940D00F8F9D3 /* Icon.png in Resources */,
				23A83B561395C6DC000325AE /* minus.gif in Resources */,
				23A83B571395C6DC000325AE /* plus.gif in Resources */,
				23A83B581395C6DC000325AE /* zero.gif in Resources */,
				23A83B5A1395C738000325AE /* DiceController.xib in Resources */,
				23B5B7931396D75F00E6D850 /* SotC.plist in Resources */,
				23B5B7BC13974E0600E6D850 /* ResourcePicker.xib in Resources */,
				23D02325139E8713006BDA7A /* CharacterEditorController.xib in Resources */,
				23522D2913A4016C00C310B5 /* TrackViewController.xib in Resources */,
				2318671313A6A10E00E1B519 /* ResourceController.xib in Resources */,
			);
			runOnlyForDeploymentPostprocessing = 0;
		};
/* End PBXResourcesBuildPhase section */

/* Begin PBXSourcesBuildPhase section */
		1D60588E0D05DD3D006BFB54 /* Sources */ = {
			isa = PBXSourcesBuildPhase;
			buildActionMask = 2147483647;
			files = (
				1D60589B0D05DD56006BFB54 /* main.m in Sources */,
				1D3623260D0F684500981E51 /* Pulp_DossierAppDelegate.m in Sources */,
				28C286E10D94DF7D0034E888 /* RootViewController.m in Sources */,
				23A83B5D1395C761000325AE /* DiceController.m in Sources */,
				23B5B7981396D9F400E6D850 /* Sourcebook.m in Sources */,
				23B5B7B513974D7300E6D850 /* ResourcePicker.m in Sources */,
				23D022AA139C764C006BDA7A /* CAttribute.m in Sources */,
				23D022B2139D79F2006BDA7A /* CAttributeString.m in Sources */,
				23D022B7139D7CCC006BDA7A /* CAttributeText.m in Sources */,
				23D022C1139D8F51006BDA7A /* CAttributeContainer.m in Sources */,
				23D022EC139DA5D3006BDA7A /* CAttributeImage.m in Sources */,
				23D02309139E78DB006BDA7A /* Character.m in Sources */,
				23D0230F139E86B4006BDA7A /* CharacterEditorController.m in Sources */,
				23D0245A139F14F0006BDA7A /* EditableCell.m in Sources */,
				23D024B2139F23AB006BDA7A /* ImageCell.m in Sources */,
				23D024B7139F2592006BDA7A /* CAttributeCell.m in Sources */,
				23D0258513A02513006BDA7A /* PickAnImageController.m in Sources */,
				2382387313A0579300867254 /* CAttributeLadder.m in Sources */,
				2360647913A26DCF008B5EBC /* CAttributeTrack.m in Sources */,
				236064B113A2A79B008B5EBC /* TrackViewController.m in Sources */,
				23522D5513A565B300C310B5 /* CAttributeInteger.m in Sources */,
				23522D7A13A56C7B00C310B5 /* IntegerCell.m in Sources */,
				2318671913A6A74E00E1B519 /* ResourceController.m in Sources */,
			);
			runOnlyForDeploymentPostprocessing = 0;
		};
/* End PBXSourcesBuildPhase section */

/* Begin XCBuildConfiguration section */
		1D6058940D05DD3E006BFB54 /* Debug */ = {
			isa = XCBuildConfiguration;
			buildSettings = {
				ALWAYS_SEARCH_USER_PATHS = NO;
				COPY_PHASE_STRIP = NO;
				GCC_DYNAMIC_NO_PIC = NO;
				GCC_OPTIMIZATION_LEVEL = 0;
				GCC_PRECOMPILE_PREFIX_HEADER = YES;
				GCC_PREFIX_HEADER = Pulp_Dossier_Prefix.pch;
				INFOPLIST_FILE = "Pulp_Dossier-Info.plist";
				PRODUCT_NAME = "Pulp Dossier";
			};
			name = Debug;
		};
		1D6058950D05DD3E006BFB54 /* Release */ = {
			isa = XCBuildConfiguration;
			buildSettings = {
				ALWAYS_SEARCH_USER_PATHS = NO;
				COPY_PHASE_STRIP = YES;
				GCC_PRECOMPILE_PREFIX_HEADER = YES;
				GCC_PREFIX_HEADER = Pulp_Dossier_Prefix.pch;
				INFOPLIST_FILE = "Pulp_Dossier-Info.plist";
				PRODUCT_NAME = "Pulp Dossier";
				VALIDATE_PRODUCT = YES;
			};
			name = Release;
		};
		C01FCF4F08A954540054247B /* Debug */ = {
			isa = XCBuildConfiguration;
			buildSettings = {
				ARCHS = "$(ARCHS_STANDARD_32_BIT)";
				"CODE_SIGN_IDENTITY[sdk=iphoneos*]" = "iPhone Developer";
				GCC_C_LANGUAGE_STANDARD = c99;
				GCC_WARN_ABOUT_RETURN_TYPE = YES;
				GCC_WARN_UNUSED_VARIABLE = YES;
				PREBINDING = NO;
				SDKROOT = iphoneos;
			};
			name = Debug;
		};
		C01FCF5008A954540054247B /* Release */ = {
			isa = XCBuildConfiguration;
			buildSettings = {
				ARCHS = "$(ARCHS_STANDARD_32_BIT)";
				"CODE_SIGN_IDENTITY[sdk=iphoneos*]" = "iPhone Developer";
				GCC_C_LANGUAGE_STANDARD = c99;
				GCC_WARN_ABOUT_RETURN_TYPE = YES;
				GCC_WARN_UNUSED_VARIABLE = YES;
				OTHER_CFLAGS = "-DNS_BLOCK_ASSERTIONS=1";
				PREBINDING = NO;
				SDKROOT = iphoneos;
			};
			name = Release;
		};
/* End XCBuildConfiguration section */

/* Begin XCConfigurationList section */
		1D6058960D05DD3E006BFB54 /* Build configuration list for PBXNativeTarget "Pulp Dossier" */ = {
			isa = XCConfigurationList;
			buildConfigurations = (
				1D6058940D05DD3E006BFB54 /* Debug */,
				1D6058950D05DD3E006BFB54 /* Release */,
			);
			defaultConfigurationIsVisible = 0;
			defaultConfigurationName = Release;
		};
		C01FCF4E08A954540054247B /* Build configuration list for PBXProject "Pulp Dossier" */ = {
			isa = XCConfigurationList;
			buildConfigurations = (
				C01FCF4F08A954540054247B /* Debug */,
				C01FCF5008A954540054247B /* Release */,
			);
			defaultConfigurationIsVisible = 0;
			defaultConfigurationName = Release;
		};
/* End XCConfigurationList section */
	};
	rootObject = 29B97313FDCFA39411CA2CEA /* Project object */;
}
